
Microsoft Visual Studio Solution File, Format Version 12.00
# Visual Studio 14
VisualStudioVersion = 14.0.23107.0
MinimumVisualStudioVersion = 10.0.40219.1
Project("{F2A71F9B-5D33-465A-A702-920D77279786}") = "DiffSharp", "DiffSharp\DiffSharp.fsproj", "{53CBC30A-2429-4AB4-8915-1298CD91BC0B}"
EndProject
Project("{F2A71F9B-5D33-465A-A702-920D77279786}") = "DiffSharpBA", "DiffSharpBA\DiffSharpBA.fsproj", "{691D7287-2245-4960-87D7-93D0F5C307E1}"
EndProject
Global
	GlobalSection(Performance) = preSolution
		HasPerformanceSessions = true
	EndGlobalSection
	GlobalSection(SolutionConfigurationPlatforms) = preSolution
		Debug|Any CPU = Debug|Any CPU
		Release|Any CPU = Release|Any CPU
	EndGlobalSection
	GlobalSection(ProjectConfigurationPlatforms) = postSolution
		{53CBC30A-2429-4AB4-8915-1298CD91BC0B}.Debug|Any CPU.ActiveCfg = Debug|Any CPU
		{53CBC30A-2429-4AB4-8915-1298CD91BC0B}.Debug|Any CPU.Build.0 = Debug|Any CPU
		{53CBC30A-2429-4AB4-8915-1298CD91BC0B}.Release|Any CPU.ActiveCfg = Release|Any CPU
		{53CBC30A-2429-4AB4-8915-1298CD91BC0B}.Release|Any CPU.Build.0 = Release|Any CPU
		{691D7287-2245-4960-87D7-93D0F5C307E1}.Debug|Any CPU.ActiveCfg = Debug|Any CPU
		{691D7287-2245-4960-87D7-93D0F5C307E1}.Debug|Any CPU.Build.0 = Debug|Any CPU
		{691D7287-2245-4960-87D7-93D0F5C307E1}.Release|Any CPU.ActiveCfg = Release|Any CPU
		{691D7287-2245-4960-87D7-93D0F5C307E1}.Release|Any CPU.Build.0 = Release|Any CPU
	EndGlobalSection
	GlobalSection(SolutionProperties) = preSolution
		HideSolutionNode = FALSE
	EndGlobalSection
EndGlobal
